
Microsoft Visual Studio Solution File, Format Version 12.00
# Visual Studio 15
VisualStudioVersion = 15.0.28307.168
MinimumVisualStudioVersion = 10.0.40219.1
Project("{FAE04EC0-301F-11D3-BF4B-00C04F79EFBC}") = "727520-728853", "727520-728853\727520-728853.csproj", "{EB5ED511-F896-434C-9136-1ADF62FBD60F}"
EndProject
Project("{FAE04EC0-301F-11D3-BF4B-00C04F79EFBC}") = "BankTests", "BankTests\BankTests.csproj", "{CBDF4148-7FA0-434B-867F-036A981BA9A6}"
EndProject
Project("{FAE04EC0-301F-11D3-BF4B-00C04F79EFBC}") = "BankAccountTests", "BankAccountTests\BankAccountTests.csproj", "{029A9C19-0A79-4167-81A6-E6ECD13E99EF}"
EndProject
Global
	GlobalSection(SolutionConfigurationPlatforms) = preSolution
		Debug|Any CPU = Debug|Any CPU
		Release|Any CPU = Release|Any CPU
	EndGlobalSection
	GlobalSection(ProjectConfigurationPlatforms) = postSolution
		{EB5ED511-F896-434C-9136-1ADF62FBD60F}.Debug|Any CPU.ActiveCfg = Debug|Any CPU
		{EB5ED511-F896-434C-9136-1ADF62FBD60F}.Debug|Any CPU.Build.0 = Debug|Any CPU
		{EB5ED511-F896-434C-9136-1ADF62FBD60F}.Release|Any CPU.ActiveCfg = Release|Any CPU
		{EB5ED511-F896-434C-9136-1ADF62FBD60F}.Release|Any CPU.Build.0 = Release|Any CPU
		{CBDF4148-7FA0-434B-867F-036A981BA9A6}.Debug|Any CPU.ActiveCfg = Debug|Any CPU
		{CBDF4148-7FA0-434B-867F-036A981BA9A6}.Debug|Any CPU.Build.0 = Debug|Any CPU
		{CBDF4148-7FA0-434B-867F-036A981BA9A6}.Release|Any CPU.ActiveCfg = Release|Any CPU
		{CBDF4148-7FA0-434B-867F-036A981BA9A6}.Release|Any CPU.Build.0 = Release|Any CPU
		{029A9C19-0A79-4167-81A6-E6ECD13E99EF}.Debug|Any CPU.ActiveCfg = Debug|Any CPU
		{029A9C19-0A79-4167-81A6-E6ECD13E99EF}.Debug|Any CPU.Build.0 = Debug|Any CPU
		{029A9C19-0A79-4167-81A6-E6ECD13E99EF}.Release|Any CPU.ActiveCfg = Release|Any CPU
		{029A9C19-0A79-4167-81A6-E6ECD13E99EF}.Release|Any CPU.Build.0 = Release|Any CPU
	EndGlobalSection
	GlobalSection(SolutionProperties) = preSolution
		HideSolutionNode = FALSE
	EndGlobalSection
	GlobalSection(ExtensibilityGlobals) = postSolution
		SolutionGuid = {7AE7EFFF-9BB0-454A-9A3A-3CAD32189E97}
	EndGlobalSection
EndGlobal
